// !$*UTF8*$!
{
	archiveVersion = 1;
	classes = {
	};
	objectVersion = 46;
	objects = {

/* Begin PBXBuildFile section */
		25317407191A7AEC006B8F6A /* Foundation.framework in Frameworks */ = {isa = PBXBuildFile; fileRef = 25317406191A7AEC006B8F6A /* Foundation.framework */; };
		25317409191A7AED006B8F6A /* CoreGraphics.framework in Frameworks */ = {isa = PBXBuildFile; fileRef = 25317408191A7AED006B8F6A /* CoreGraphics.framework */; };
		2531740B191A7AED006B8F6A /* UIKit.framework in Frameworks */ = {isa = PBXBuildFile; fileRef = 2531740A191A7AED006B8F6A /* UIKit.framework */; };
		25317411191A7AED006B8F6A /* InfoPlist.strings in Resources */ = {isa = PBXBuildFile; fileRef = 2531740F191A7AED006B8F6A /* InfoPlist.strings */; };
		25317413191A7AED006B8F6A /* main.m in Sources */ = {isa = PBXBuildFile; fileRef = 25317412191A7AED006B8F6A /* main.m */; };
		25317417191A7AED006B8F6A /* GTAppDelegate.m in Sources */ = {isa = PBXBuildFile; fileRef = 25317416191A7AED006B8F6A /* GTAppDelegate.m */; };
		2531741A191A7AED006B8F6A /* Main.storyboard in Resources */ = {isa = PBXBuildFile; fileRef = 25317418191A7AED006B8F6A /* Main.storyboard */; };
		2531741D191A7AED006B8F6A /* GTViewController.m in Sources */ = {isa = PBXBuildFile; fileRef = 2531741C191A7AED006B8F6A /* GTViewController.m */; };
		2531741F191A7AED006B8F6A /* Images.xcassets in Resources */ = {isa = PBXBuildFile; fileRef = 2531741E191A7AED006B8F6A /* Images.xcassets */; };
		25317426191A7AED006B8F6A /* XCTest.framework in Frameworks */ = {isa = PBXBuildFile; fileRef = 25317425191A7AED006B8F6A /* XCTest.framework */; };
		25317427191A7AED006B8F6A /* Foundation.framework in Frameworks */ = {isa = PBXBuildFile; fileRef = 25317406191A7AEC006B8F6A /* Foundation.framework */; };
		25317428191A7AED006B8F6A /* UIKit.framework in Frameworks */ = {isa = PBXBuildFile; fileRef = 2531740A191A7AED006B8F6A /* UIKit.framework */; };
		25317430191A7AED006B8F6A /* InfoPlist.strings in Resources */ = {isa = PBXBuildFile; fileRef = 2531742E191A7AED006B8F6A /* InfoPlist.strings */; };
		25317432191A7AED006B8F6A /* Git_TestTests.m in Sources */ = {isa = PBXBuildFile; fileRef = 25317431191A7AED006B8F6A /* Git_TestTests.m */; };
/* End PBXBuildFile section */

/* Begin PBXContainerItemProxy section */
		25317429191A7AED006B8F6A /* PBXContainerItemProxy */ = {
			isa = PBXContainerItemProxy;
			containerPortal = 253173FB191A7AEC006B8F6A /* Project object */;
			proxyType = 1;
			remoteGlobalIDString = 25317402191A7AEC006B8F6A;
			remoteInfo = "Git Test";
		};
/* End PBXContainerItemProxy section */

/* Begin PBXFileReference section */
		25317403191A7AEC006B8F6A /* Git Test.app */ = {isa = PBXFileReference; explicitFileType = wrapper.application; includeInIndex = 0; path = "Git Test.app"; sourceTree = BUILT_PRODUCTS_DIR; };
		25317406191A7AEC006B8F6A /* Foundation.framework */ = {isa = PBXFileReference; lastKnownFileType = wrapper.framework; name = Foundation.framework; path = System/Library/Frameworks/Foundation.framework; sourceTree = SDKROOT; };
		25317408191A7AED006B8F6A /* CoreGraphics.framework */ = {isa = PBXFileReference; lastKnownFileType = wrapper.framework; name = CoreGraphics.framework; path = System/Library/Frameworks/CoreGraphics.framework; sourceTree = SDKROOT; };
		2531740A191A7AED006B8F6A /* UIKit.framework */ = {isa = PBXFileReference; lastKnownFileType = wrapper.framework; name = UIKit.framework; path = System/Library/Frameworks/UIKit.framework; sourceTree = SDKROOT; };
		2531740E191A7AED006B8F6A /* Git Test-Info.plist */ = {isa = PBXFileReference; lastKnownFileType = text.plist.xml; path = "Git Test-Info.plist"; sourceTree = "<group>"; };
		25317410191A7AED006B8F6A /* en */ = {isa = PBXFileReference; lastKnownFileType = text.plist.strings; name = en; path = en.lproj/InfoPlist.strings; sourceTree = "<group>"; };
		25317412191A7AED006B8F6A /* main.m */ = {isa = PBXFileReference; lastKnownFileType = sourcecode.c.objc; path = main.m; sourceTree = "<group>"; };
		25317414191A7AED006B8F6A /* Git Test-Prefix.pch */ = {isa = PBXFileReference; lastKnownFileType = sourcecode.c.h; path = "Git Test-Prefix.pch"; sourceTree = "<group>"; };
		25317415191A7AED006B8F6A /* GTAppDelegate.h */ = {isa = PBXFileReference; lastKnownFileType = sourcecode.c.h; path = GTAppDelegate.h; sourceTree = "<group>"; };
		25317416191A7AED006B8F6A /* GTAppDelegate.m */ = {isa = PBXFileReference; lastKnownFileType = sourcecode.c.objc; path = GTAppDelegate.m; sourceTree = "<group>"; };
		25317419191A7AED006B8F6A /* Base */ = {isa = PBXFileReference; lastKnownFileType = file.storyboard; name = Base; path = Base.lproj/Main.storyboard; sourceTree = "<group>"; };
		2531741B191A7AED006B8F6A /* GTViewController.h */ = {isa = PBXFileReference; lastKnownFileType = sourcecode.c.h; path = GTViewController.h; sourceTree = "<group>"; };
		2531741C191A7AED006B8F6A /* GTViewController.m */ = {isa = PBXFileReference; lastKnownFileType = sourcecode.c.objc; path = GTViewController.m; sourceTree = "<group>"; };
		2531741E191A7AED006B8F6A /* Images.xcassets */ = {isa = PBXFileReference; lastKnownFileType = folder.assetcatalog; path = Images.xcassets; sourceTree = "<group>"; };
		25317424191A7AED006B8F6A /* Git TestTests.xctest */ = {isa = PBXFileReference; explicitFileType = wrapper.cfbundle; includeInIndex = 0; path = "Git TestTests.xctest"; sourceTree = BUILT_PRODUCTS_DIR; };
		25317425191A7AED006B8F6A /* XCTest.framework */ = {isa = PBXFileReference; lastKnownFileType = wrapper.framework; name = XCTest.framework; path = Library/Frameworks/XCTest.framework; sourceTree = DEVELOPER_DIR; };
		2531742D191A7AED006B8F6A /* Git TestTests-Info.plist */ = {isa = PBXFileReference; lastKnownFileType = text.plist.xml; path = "Git TestTests-Info.plist"; sourceTree = "<group>"; };
		2531742F191A7AED006B8F6A /* en */ = {isa = PBXFileReference; lastKnownFileType = text.plist.strings; name = en; path = en.lproj/InfoPlist.strings; sourceTree = "<group>"; };
		25317431191A7AED006B8F6A /* Git_TestTests.m */ = {isa = PBXFileReference; lastKnownFileType = sourcecode.c.objc; path = Git_TestTests.m; sourceTree = "<group>"; };
/* End PBXFileReference section */

/* Begin PBXFrameworksBuildPhase section */
		25317400191A7AEC006B8F6A /* Frameworks */ = {
			isa = PBXFrameworksBuildPhase;
			buildActionMask = 2147483647;
			files = (
				25317409191A7AED006B8F6A /* CoreGraphics.framework in Frameworks */,
				2531740B191A7AED006B8F6A /* UIKit.framework in Frameworks */,
				25317407191A7AEC006B8F6A /* Foundation.framework in Frameworks */,
			);
			runOnlyForDeploymentPostprocessing = 0;
		};
		25317421191A7AED006B8F6A /* Frameworks */ = {
			isa = PBXFrameworksBuildPhase;
			buildActionMask = 2147483647;
			files = (
				25317426191A7AED006B8F6A /* XCTest.framework in Frameworks */,
				25317428191A7AED006B8F6A /* UIKit.framework in Frameworks */,
				25317427191A7AED006B8F6A /* Foundation.framework in Frameworks */,
			);
			runOnlyForDeploymentPostprocessing = 0;
		};
/* End PBXFrameworksBuildPhase section */

/* Begin PBXGroup section */
		253173FA191A7AEC006B8F6A = {
			isa = PBXGroup;
			children = (
				2531740C191A7AED006B8F6A /* Git Test */,
				2531742B191A7AED006B8F6A /* Git TestTests */,
				25317405191A7AEC006B8F6A /* Frameworks */,
				25317404191A7AEC006B8F6A /* Products */,
			);
			sourceTree = "<group>";
		};
		25317404191A7AEC006B8F6A /* Products */ = {
			isa = PBXGroup;
			children = (
				25317403191A7AEC006B8F6A /* Git Test.app */,
				25317424191A7AED006B8F6A /* Git TestTests.xctest */,
			);
			name = Products;
			sourceTree = "<group>";
		};
		25317405191A7AEC006B8F6A /* Frameworks */ = {
			isa = PBXGroup;
			children = (
				25317406191A7AEC006B8F6A /* Foundation.framework */,
				25317408191A7AED006B8F6A /* CoreGraphics.framework */,
				2531740A191A7AED006B8F6A /* UIKit.framework */,
				25317425191A7AED006B8F6A /* XCTest.framework */,
			);
			name = Frameworks;
			sourceTree = "<group>";
		};
		2531740C191A7AED006B8F6A /* Git Test */ = {
			isa = PBXGroup;
			children = (
				25317415191A7AED006B8F6A /* GTAppDelegate.h */,
				25317416191A7AED006B8F6A /* GTAppDelegate.m */,
				25317418191A7AED006B8F6A /* Main.storyboard */,
				2531741B191A7AED006B8F6A /* GTViewController.h */,
				2531741C191A7AED006B8F6A /* GTViewController.m */,
				2531741E191A7AED006B8F6A /* Images.xcassets */,
				2531740D191A7AED006B8F6A /* Supporting Files */,
			);
			path = "Git Test";
			sourceTree = "<group>";
		};
		2531740D191A7AED006B8F6A /* Supporting Files */ = {
			isa = PBXGroup;
			children = (
				2531740E191A7AED006B8F6A /* Git Test-Info.plist */,
				2531740F191A7AED006B8F6A /* InfoPlist.strings */,
				25317412191A7AED006B8F6A /* main.m */,
				25317414191A7AED006B8F6A /* Git Test-Prefix.pch */,
			);
			name = "Supporting Files";
			sourceTree = "<group>";
		};
		2531742B191A7AED006B8F6A /* Git TestTests */ = {
			isa = PBXGroup;
			children = (
				25317431191A7AED006B8F6A /* Git_TestTests.m */,
				2531742C191A7AED006B8F6A /* Supporting Files */,
			);
			path = "Git TestTests";
			sourceTree = "<group>";
		};
		2531742C191A7AED006B8F6A /* Supporting Files */ = {
			isa = PBXGroup;
			children = (
				2531742D191A7AED006B8F6A /* Git TestTests-Info.plist */,
				2531742E191A7AED006B8F6A /* InfoPlist.strings */,
			);
			name = "Supporting Files";
			sourceTree = "<group>";
		};
/* End PBXGroup section */

/* Begin PBXNativeTarget section */
		25317402191A7AEC006B8F6A /* Git Test */ = {
			isa = PBXNativeTarget;
			buildConfigurationList = 25317435191A7AED006B8F6A /* Build configuration list for PBXNativeTarget "Git Test" */;
			buildPhases = (
				253173FF191A7AEC006B8F6A /* Sources */,
				25317400191A7AEC006B8F6A /* Frameworks */,
				25317401191A7AEC006B8F6A /* Resources */,
			);
			buildRules = (
			);
			dependencies = (
			);
			name = "Git Test";
			productName = "Git Test";
			productReference = 25317403191A7AEC006B8F6A /* Git Test.app */;
			productType = "com.apple.product-type.application";
		};
		25317423191A7AED006B8F6A /* Git TestTests */ = {
			isa = PBXNativeTarget;
			buildConfigurationList = 25317438191A7AED006B8F6A /* Build configuration list for PBXNativeTarget "Git TestTests" */;
			buildPhases = (
				25317420191A7AED006B8F6A /* Sources */,
				25317421191A7AED006B8F6A /* Frameworks */,
				25317422191A7AED006B8F6A /* Resources */,
			);
			buildRules = (
			);
			dependencies = (
				2531742A191A7AED006B8F6A /* PBXTargetDependency */,
			);
			name = "Git TestTests";
			productName = "Git TestTests";
			productReference = 25317424191A7AED006B8F6A /* Git TestTests.xctest */;
			productType = "com.apple.product-type.bundle.unit-test";
		};
/* End PBXNativeTarget section */

/* Begin PBXProject section */
		253173FB191A7AEC006B8F6A /* Project object */ = {
			isa = PBXProject;
			attributes = {
				CLASSPREFIX = GT;
				LastUpgradeCheck = 0510;
				ORGANIZATIONNAME = "Miguel Carrillo";
				TargetAttributes = {
					25317423191A7AED006B8F6A = {
						TestTargetID = 25317402191A7AEC006B8F6A;
					};
				};
			};
			buildConfigurationList = 253173FE191A7AEC006B8F6A /* Build configuration list for PBXProject "Git Test" */;
			compatibilityVersion = "Xcode 3.2";
			developmentRegion = English;
			hasScannedForEncodings = 0;
			knownRegions = (
				en,
				Base,
			);
			mainGroup = 253173FA191A7AEC006B8F6A;
			productRefGroup = 25317404191A7AEC006B8F6A /* Products */;
			projectDirPath = "";
			projectRoot = "";
			targets = (
				25317402191A7AEC006B8F6A /* Git Test */,
				25317423191A7AED006B8F6A /* Git TestTests */,
			);
		};
/* End PBXProject section */

/* Begin PBXResourcesBuildPhase section */
		25317401191A7AEC006B8F6A /* Resources */ = {
			isa = PBXResourcesBuildPhase;
			buildActionMask = 2147483647;
			files = (
				2531741F191A7AED006B8F6A /* Images.xcassets in Resources */,
				25317411191A7AED006B8F6A /* InfoPlist.strings in Resources */,
				2531741A191A7AED006B8F6A /* Main.storyboard in Resources */,
			);
			runOnlyForDeploymentPostprocessing = 0;
		};
		25317422191A7AED006B8F6A /* Resources */ = {
			isa = PBXResourcesBuildPhase;
			buildActionMask = 2147483647;
			files = (
				25317430191A7AED006B8F6A /* InfoPlist.strings in Resources */,
			);
			runOnlyForDeploymentPostprocessing = 0;
		};
/* End PBXResourcesBuildPhase section */

/* Begin PBXSourcesBuildPhase section */
		253173FF191A7AEC006B8F6A /* Sources */ = {
			isa = PBXSourcesBuildPhase;
			buildActionMask = 2147483647;
			files = (
				25317413191A7AED006B8F6A /* main.m in Sources */,
				2531741D191A7AED006B8F6A /* GTViewController.m in Sources */,
				25317417191A7AED006B8F6A /* GTAppDelegate.m in Sources */,
			);
			runOnlyForDeploymentPostprocessing = 0;
		};
		25317420191A7AED006B8F6A /* Sources */ = {
			isa = PBXSourcesBuildPhase;
			buildActionMask = 2147483647;
			files = (
				25317432191A7AED006B8F6A /* Git_TestTests.m in Sources */,
			);
			runOnlyForDeploymentPostprocessing = 0;
		};
/* End PBXSourcesBuildPhase section */

/* Begin PBXTargetDependency section */
		2531742A191A7AED006B8F6A /* PBXTargetDependency */ = {
			isa = PBXTargetDependency;
			target = 25317402191A7AEC006B8F6A /* Git Test */;
			targetProxy = 25317429191A7AED006B8F6A /* PBXContainerItemProxy */;
		};
/* End PBXTargetDependency section */

/* Begin PBXVariantGroup section */
		2531740F191A7AED006B8F6A /* InfoPlist.strings */ = {
			isa = PBXVariantGroup;
			children = (
				25317410191A7AED006B8F6A /* en */,
			);
			name = InfoPlist.strings;
			sourceTree = "<group>";
		};
		25317418191A7AED006B8F6A /* Main.storyboard */ = {
			isa = PBXVariantGroup;
			children = (
				25317419191A7AED006B8F6A /* Base */,
			);
			name = Main.storyboard;
			sourceTree = "<group>";
		};
		2531742E191A7AED006B8F6A /* InfoPlist.strings */ = {
			isa = PBXVariantGroup;
			children = (
				2531742F191A7AED006B8F6A /* en */,
			);
			name = InfoPlist.strings;
			sourceTree = "<group>";
		};
/* End PBXVariantGroup section */

/* Begin XCBuildConfiguration section */
		25317433191A7AED006B8F6A /* Debug */ = {
			isa = XCBuildConfiguration;
			buildSettings = {
				ALWAYS_SEARCH_USER_PATHS = NO;
				CLANG_CXX_LANGUAGE_STANDARD = "gnu++0x";
				CLANG_CXX_LIBRARY = "libc++";
				CLANG_ENABLE_MODULES = YES;
				CLANG_ENABLE_OBJC_ARC = YES;
				CLANG_WARN_BOOL_CONVERSION = YES;
				CLANG_WARN_CONSTANT_CONVERSION = YES;
				CLANG_WARN_DIRECT_OBJC_ISA_USAGE = YES_ERROR;
				CLANG_WARN_EMPTY_BODY = YES;
				CLANG_WARN_ENUM_CONVERSION = YES;
				CLANG_WARN_INT_CONVERSION = YES;
				CLANG_WARN_OBJC_ROOT_CLASS = YES_ERROR;
				CLANG_WARN__DUPLICATE_METHOD_MATCH = YES;
				"CODE_SIGN_IDENTITY[sdk=iphoneos*]" = "iPhone Developer";
				COPY_PHASE_STRIP = NO;
				GCC_C_LANGUAGE_STANDARD = gnu99;
				GCC_DYNAMIC_NO_PIC = NO;
				GCC_OPTIMIZATION_LEVEL = 0;
				GCC_PREPROCESSOR_DEFINITIONS = (
					"DEBUG=1",
					"$(inherited)",
				);
				GCC_SYMBOLS_PRIVATE_EXTERN = NO;
				GCC_WARN_64_TO_32_BIT_CONVERSION = YES;
				GCC_WARN_ABOUT_RETURN_TYPE = YES_ERROR;
				GCC_WARN_UNDECLARED_SELECTOR = YES;
				GCC_WARN_UNINITIALIZED_AUTOS = YES_AGGRESSIVE;
				GCC_WARN_UNUSED_FUNCTION = YES;
				GCC_WARN_UNUSED_VARIABLE = YES;
				IPHONEOS_DEPLOYMENT_TARGET = 7.1;
				ONLY_ACTIVE_ARCH = YES;
				SDKROOT = iphoneos;
			};
			name = Debug;
		};
		25317434191A7AED006B8F6A /* Release */ = {
			isa = XCBuildConfiguration;
			buildSettings = {
				ALWAYS_SEARCH_USER_PATHS = NO;
				CLANG_CXX_LANGUAGE_STANDARD = "gnu++0x";
				CLANG_CXX_LIBRARY = "libc++";
				CLANG_ENABLE_MODULES = YES;
				CLANG_ENABLE_OBJC_ARC = YES;
				CLANG_WARN_BOOL_CONVERSION = YES;
				CLANG_WARN_CONSTANT_CONVERSION = YES;
				CLANG_WARN_DIRECT_OBJC_ISA_USAGE = YES_ERROR;
				CLANG_WARN_EMPTY_BODY = YES;
				CLANG_WARN_ENUM_CONVERSION = YES;
				CLANG_WARN_INT_CONVERSION = YES;
				CLANG_WARN_OBJC_ROOT_CLASS = YES_ERROR;
				CLANG_WARN__DUPLICATE_METHOD_MATCH = YES;
				"CODE_SIGN_IDENTITY[sdk=iphoneos*]" = "iPhone Developer";
				COPY_PHASE_STRIP = YES;
				ENABLE_NS_ASSERTIONS = NO;
				GCC_C_LANGUAGE_STANDARD = gnu99;
				GCC_WARN_64_TO_32_BIT_CONVERSION = YES;
				GCC_WARN_ABOUT_RETURN_TYPE = YES_ERROR;
				GCC_WARN_UNDECLARED_SELECTOR = YES;
				GCC_WARN_UNINITIALIZED_AUTOS = YES_AGGRESSIVE;
				GCC_WARN_UNUSED_FUNCTION = YES;
				GCC_WARN_UNUSED_VARIABLE = YES;
				IPHONEOS_DEPLOYMENT_TARGET = 7.1;
				SDKROOT = iphoneos;
				VALIDATE_PRODUCT = YES;
			};
			name = Release;
		};
		25317436191A7AED006B8F6A /* Debug */ = {
			isa = XCBuildConfiguration;
			buildSettings = {
				ASSETCATALOG_COMPILER_APPICON_NAME = AppIcon;
				ASSETCATALOG_COMPILER_LAUNCHIMAGE_NAME = LaunchImage;
				GCC_PRECOMPILE_PREFIX_HEADER = YES;
				GCC_PREFIX_HEADER = "Git Test/Git Test-Prefix.pch";
				INFOPLIST_FILE = "Git Test/Git Test-Info.plist";
				PRODUCT_NAME = "$(TARGET_NAME)";
				WRAPPER_EXTENSION = app;
			};
			name = Debug;
		};
		25317437191A7AED006B8F6A /* Release */ = {
			isa = XCBuildConfiguration;
			buildSettings = {
				ASSETCATALOG_COMPILER_APPICON_NAME = AppIcon;
				ASSETCATALOG_COMPILER_LAUNCHIMAGE_NAME = LaunchImage;
				GCC_PRECOMPILE_PREFIX_HEADER = YES;
				GCC_PREFIX_HEADER = "Git Test/Git Test-Prefix.pch";
				INFOPLIST_FILE = "Git Test/Git Test-Info.plist";
				PRODUCT_NAME = "$(TARGET_NAME)";
				WRAPPER_EXTENSION = app;
			};
			name = Release;
		};
		25317439191A7AED006B8F6A /* Debug */ = {
			isa = XCBuildConfiguration;
			buildSettings = {
				BUNDLE_LOADER = "$(BUILT_PRODUCTS_DIR)/Git Test.app/Git Test";
				FRAMEWORK_SEARCH_PATHS = (
					"$(SDKROOT)/Developer/Library/Frameworks",
					"$(inherited)",
					"$(DEVELOPER_FRAMEWORKS_DIR)",
				);
				GCC_PRECOMPILE_PREFIX_HEADER = YES;
				GCC_PREFIX_HEADER = "Git Test/Git Test-Prefix.pch";
				GCC_PREPROCESSOR_DEFINITIONS = (
					"DEBUG=1",
					"$(inherited)",
				);
				INFOPLIST_FILE = "Git TestTests/Git TestTests-Info.plist";
				PRODUCT_NAME = "$(TARGET_NAME)";
				TEST_HOST = "$(BUNDLE_LOADER)";
				WRAPPER_EXTENSION = xctest;
			};
			name = Debug;
		};
		2531743A191A7AED006B8F6A /* Release */ = {
			isa = XCBuildConfiguration;
			buildSettings = {
				BUNDLE_LOADER = "$(BUILT_PRODUCTS_DIR)/Git Test.app/Git Test";
				FRAMEWORK_SEARCH_PATHS = (
					"$(SDKROOT)/Developer/Library/Frameworks",
					"$(inherited)",
					"$(DEVELOPER_FRAMEWORKS_DIR)",
				);
				GCC_PRECOMPILE_PREFIX_HEADER = YES;
				GCC_PREFIX_HEADER = "Git Test/Git Test-Prefix.pch";
				INFOPLIST_FILE = "Git TestTests/Git TestTests-Info.plist";
				PRODUCT_NAME = "$(TARGET_NAME)";
				TEST_HOST = "$(BUNDLE_LOADER)";
				WRAPPER_EXTENSION = xctest;
			};
			name = Release;
		};
/* End XCBuildConfiguration section */

/* Begin XCConfigurationList section */
		253173FE191A7AEC006B8F6A /* Build configuration list for PBXProject "Git Test" */ = {
			isa = XCConfigurationList;
			buildConfigurations = (
				25317433191A7AED006B8F6A /* Debug */,
				25317434191A7AED006B8F6A /* Release */,
			);
			defaultConfigurationIsVisible = 0;
			defaultConfigurationName = Release;
		};
		25317435191A7AED006B8F6A /* Build configuration list for PBXNativeTarget "Git Test" */ = {
			isa = XCConfigurationList;
			buildConfigurations = (
				25317436191A7AED006B8F6A /* Debug */,
				25317437191A7AED006B8F6A /* Release */,
			);
			defaultConfigurationIsVisible = 0;
		};
		25317438191A7AED006B8F6A /* Build configuration list for PBXNativeTarget "Git TestTests" */ = {
			isa = XCConfigurationList;
			buildConfigurations = (
				25317439191A7AED006B8F6A /* Debug */,
				2531743A191A7AED006B8F6A /* Release */,
			);
			defaultConfigurationIsVisible = 0;
		};
/* End XCConfigurationList section */
	};
	rootObject = 253173FB191A7AEC006B8F6A /* Project object */;
}
